// !$*UTF8*$!
{
	archiveVersion = 1;
	classes = {
	};
	objectVersion = 50;
	objects = {

/* Begin PBXBuildFile section */
		505DB96835DB03305A4B823D /* Pods_SwiftOptimiztionTests.framework in Frameworks */ = {isa = PBXBuildFile; fileRef = 58D04CF2874768A1BEC939CD /* Pods_SwiftOptimiztionTests.framework */; };
		6C866D204D225F1E5E0CE745 /* Pods_SwiftOptimiztion.framework in Frameworks */ = {isa = PBXBuildFile; fileRef = F87BA8156B90351D602F6F34 /* Pods_SwiftOptimiztion.framework */; };
		FF140BBD20BCD8CE00A99FC2 /* RxSwiftCrash.swift in Sources */ = {isa = PBXBuildFile; fileRef = FF140BBC20BCD8CE00A99FC2 /* RxSwiftCrash.swift */; };
		FFC1CC6D20BBC683004E92AE /* AppDelegate.swift in Sources */ = {isa = PBXBuildFile; fileRef = FFC1CC6C20BBC683004E92AE /* AppDelegate.swift */; };
		FFC1CC6F20BBC683004E92AE /* ViewController.swift in Sources */ = {isa = PBXBuildFile; fileRef = FFC1CC6E20BBC683004E92AE /* ViewController.swift */; };
		FFC1CC7220BBC683004E92AE /* Main.storyboard in Resources */ = {isa = PBXBuildFile; fileRef = FFC1CC7020BBC683004E92AE /* Main.storyboard */; };
		FFC1CC7720BBC684004E92AE /* Assets.xcassets in Resources */ = {isa = PBXBuildFile; fileRef = FFC1CC7620BBC684004E92AE /* Assets.xcassets */; };
		FFC1CC7A20BBC684004E92AE /* LaunchScreen.storyboard in Resources */ = {isa = PBXBuildFile; fileRef = FFC1CC7820BBC684004E92AE /* LaunchScreen.storyboard */; };
		FFC1CC8520BBC684004E92AE /* SwiftOptimiztionTests.swift in Sources */ = {isa = PBXBuildFile; fileRef = FFC1CC8420BBC684004E92AE /* SwiftOptimiztionTests.swift */; };
/* End PBXBuildFile section */

/* Begin PBXContainerItemProxy section */
		FFC1CC8120BBC684004E92AE /* PBXContainerItemProxy */ = {
			isa = PBXContainerItemProxy;
			containerPortal = FFC1CC6120BBC683004E92AE /* Project object */;
			proxyType = 1;
			remoteGlobalIDString = FFC1CC6820BBC683004E92AE;
			remoteInfo = SwiftOptimiztion;
		};
/* End PBXContainerItemProxy section */

/* Begin PBXFileReference section */
		58D04CF2874768A1BEC939CD /* Pods_SwiftOptimiztionTests.framework */ = {isa = PBXFileReference; explicitFileType = wrapper.framework; includeInIndex = 0; path = Pods_SwiftOptimiztionTests.framework; sourceTree = BUILT_PRODUCTS_DIR; };
		69BAF9A8F0D10FB92A0E21BB /* Pods-SwiftOptimiztion.release.xcconfig */ = {isa = PBXFileReference; includeInIndex = 1; lastKnownFileType = text.xcconfig; name = "Pods-SwiftOptimiztion.release.xcconfig"; path = "Pods/Target Support Files/Pods-SwiftOptimiztion/Pods-SwiftOptimiztion.release.xcconfig"; sourceTree = "<group>"; };
		9721D4DA5720AF386A3C30DF /* Pods-SwiftOptimiztionTests.release.xcconfig */ = {isa = PBXFileReference; includeInIndex = 1; lastKnownFileType = text.xcconfig; name = "Pods-SwiftOptimiztionTests.release.xcconfig"; path = "Pods/Target Support Files/Pods-SwiftOptimiztionTests/Pods-SwiftOptimiztionTests.release.xcconfig"; sourceTree = "<group>"; };
		E9C8C4F399F8AA34DF4419AF /* Pods-SwiftOptimiztionTests.debug.xcconfig */ = {isa = PBXFileReference; includeInIndex = 1; lastKnownFileType = text.xcconfig; name = "Pods-SwiftOptimiztionTests.debug.xcconfig"; path = "Pods/Target Support Files/Pods-SwiftOptimiztionTests/Pods-SwiftOptimiztionTests.debug.xcconfig"; sourceTree = "<group>"; };
		F87BA8156B90351D602F6F34 /* Pods_SwiftOptimiztion.framework */ = {isa = PBXFileReference; explicitFileType = wrapper.framework; includeInIndex = 0; path = Pods_SwiftOptimiztion.framework; sourceTree = BUILT_PRODUCTS_DIR; };
		F93185C9E7921E75795ABEEA /* Pods-SwiftOptimiztion.debug.xcconfig */ = {isa = PBXFileReference; includeInIndex = 1; lastKnownFileType = text.xcconfig; name = "Pods-SwiftOptimiztion.debug.xcconfig"; path = "Pods/Target Support Files/Pods-SwiftOptimiztion/Pods-SwiftOptimiztion.debug.xcconfig"; sourceTree = "<group>"; };
		FF140BBC20BCD8CE00A99FC2 /* RxSwiftCrash.swift */ = {isa = PBXFileReference; lastKnownFileType = sourcecode.swift; path = RxSwiftCrash.swift; sourceTree = "<group>"; };
		FFC1CC6920BBC683004E92AE /* SwiftOptimiztion.app */ = {isa = PBXFileReference; explicitFileType = wrapper.application; includeInIndex = 0; path = SwiftOptimiztion.app; sourceTree = BUILT_PRODUCTS_DIR; };
		FFC1CC6C20BBC683004E92AE /* AppDelegate.swift */ = {isa = PBXFileReference; lastKnownFileType = sourcecode.swift; path = AppDelegate.swift; sourceTree = "<group>"; };
		FFC1CC6E20BBC683004E92AE /* ViewController.swift */ = {isa = PBXFileReference; lastKnownFileType = sourcecode.swift; path = ViewController.swift; sourceTree = "<group>"; };
		FFC1CC7120BBC683004E92AE /* Base */ = {isa = PBXFileReference; lastKnownFileType = file.storyboard; name = Base; path = Base.lproj/Main.storyboard; sourceTree = "<group>"; };
		FFC1CC7620BBC684004E92AE /* Assets.xcassets */ = {isa = PBXFileReference; lastKnownFileType = folder.assetcatalog; path = Assets.xcassets; sourceTree = "<group>"; };
		FFC1CC7920BBC684004E92AE /* Base */ = {isa = PBXFileReference; lastKnownFileType = file.storyboard; name = Base; path = Base.lproj/LaunchScreen.storyboard; sourceTree = "<group>"; };
		FFC1CC7B20BBC684004E92AE /* Info.plist */ = {isa = PBXFileReference; lastKnownFileType = text.plist.xml; path = Info.plist; sourceTree = "<group>"; };
		FFC1CC8020BBC684004E92AE /* SwiftOptimiztionTests.xctest */ = {isa = PBXFileReference; explicitFileType = wrapper.cfbundle; includeInIndex = 0; path = SwiftOptimiztionTests.xctest; sourceTree = BUILT_PRODUCTS_DIR; };
		FFC1CC8420BBC684004E92AE /* SwiftOptimiztionTests.swift */ = {isa = PBXFileReference; lastKnownFileType = sourcecode.swift; path = SwiftOptimiztionTests.swift; sourceTree = "<group>"; };
		FFC1CC8620BBC684004E92AE /* Info.plist */ = {isa = PBXFileReference; lastKnownFileType = text.plist.xml; path = Info.plist; sourceTree = "<group>"; };
/* End PBXFileReference section */

/* Begin PBXFrameworksBuildPhase section */
		FFC1CC6620BBC683004E92AE /* Frameworks */ = {
			isa = PBXFrameworksBuildPhase;
			buildActionMask = 2147483647;
			files = (
				6C866D204D225F1E5E0CE745 /* Pods_SwiftOptimiztion.framework in Frameworks */,
			);
			runOnlyForDeploymentPostprocessing = 0;
		};
		FFC1CC7D20BBC684004E92AE /* Frameworks */ = {
			isa = PBXFrameworksBuildPhase;
			buildActionMask = 2147483647;
			files = (
				505DB96835DB03305A4B823D /* Pods_SwiftOptimiztionTests.framework in Frameworks */,
			);
			runOnlyForDeploymentPostprocessing = 0;
		};
/* End PBXFrameworksBuildPhase section */

/* Begin PBXGroup section */
		7D6C3D9DE24F03422F8F474B /* Frameworks */ = {
			isa = PBXGroup;
			children = (
				F87BA8156B90351D602F6F34 /* Pods_SwiftOptimiztion.framework */,
				58D04CF2874768A1BEC939CD /* Pods_SwiftOptimiztionTests.framework */,
			);
			name = Frameworks;
			sourceTree = "<group>";
		};
		CA160F3F932E5E1B502FAD4C /* Pods */ = {
			isa = PBXGroup;
			children = (
				F93185C9E7921E75795ABEEA /* Pods-SwiftOptimiztion.debug.xcconfig */,
				69BAF9A8F0D10FB92A0E21BB /* Pods-SwiftOptimiztion.release.xcconfig */,
				E9C8C4F399F8AA34DF4419AF /* Pods-SwiftOptimiztionTests.debug.xcconfig */,
				9721D4DA5720AF386A3C30DF /* Pods-SwiftOptimiztionTests.release.xcconfig */,
			);
			name = Pods;
			sourceTree = "<group>";
		};
		FFC1CC6020BBC683004E92AE = {
			isa = PBXGroup;
			children = (
				FFC1CC6B20BBC683004E92AE /* SwiftOptimiztion */,
				FFC1CC8320BBC684004E92AE /* SwiftOptimiztionTests */,
				FFC1CC6A20BBC683004E92AE /* Products */,
				CA160F3F932E5E1B502FAD4C /* Pods */,
				7D6C3D9DE24F03422F8F474B /* Frameworks */,
			);
			sourceTree = "<group>";
		};
		FFC1CC6A20BBC683004E92AE /* Products */ = {
			isa = PBXGroup;
			children = (
				FFC1CC6920BBC683004E92AE /* SwiftOptimiztion.app */,
				FFC1CC8020BBC684004E92AE /* SwiftOptimiztionTests.xctest */,
			);
			name = Products;
			sourceTree = "<group>";
		};
		FFC1CC6B20BBC683004E92AE /* SwiftOptimiztion */ = {
			isa = PBXGroup;
			children = (
				FFC1CC6C20BBC683004E92AE /* AppDelegate.swift */,
				FFC1CC6E20BBC683004E92AE /* ViewController.swift */,
				FF140BBC20BCD8CE00A99FC2 /* RxSwiftCrash.swift */,
				FFC1CC7020BBC683004E92AE /* Main.storyboard */,
				FFC1CC7620BBC684004E92AE /* Assets.xcassets */,
				FFC1CC7820BBC684004E92AE /* LaunchScreen.storyboard */,
				FFC1CC7B20BBC684004E92AE /* Info.plist */,
			);
			path = SwiftOptimiztion;
			sourceTree = "<group>";
		};
		FFC1CC8320BBC684004E92AE /* SwiftOptimiztionTests */ = {
			isa = PBXGroup;
			children = (
				FFC1CC8420BBC684004E92AE /* SwiftOptimiztionTests.swift */,
				FFC1CC8620BBC684004E92AE /* Info.plist */,
			);
			path = SwiftOptimiztionTests;
			sourceTree = "<group>";
		};
/* End PBXGroup section */

/* Begin PBXNativeTarget section */
		FFC1CC6820BBC683004E92AE /* SwiftOptimiztion */ = {
			isa = PBXNativeTarget;
			buildConfigurationList = FFC1CC8920BBC684004E92AE /* Build configuration list for PBXNativeTarget "SwiftOptimiztion" */;
			buildPhases = (
				2C9921CBE7DC6538C63F3F8E /* [CP] Check Pods Manifest.lock */,
				FFC1CC6520BBC683004E92AE /* Sources */,
				FFC1CC6620BBC683004E92AE /* Frameworks */,
				FFC1CC6720BBC683004E92AE /* Resources */,
				1C8A3DB79A0D055BF45940BB /* [CP] Embed Pods Frameworks */,
				9B56924260BAE29BC5AEF628 /* [CP] Copy Pods Resources */,
			);
			buildRules = (
			);
			dependencies = (
			);
			name = SwiftOptimiztion;
			productName = SwiftOptimiztion;
			productReference = FFC1CC6920BBC683004E92AE /* SwiftOptimiztion.app */;
			productType = "com.apple.product-type.application";
		};
		FFC1CC7F20BBC684004E92AE /* SwiftOptimiztionTests */ = {
			isa = PBXNativeTarget;
			buildConfigurationList = FFC1CC8C20BBC684004E92AE /* Build configuration list for PBXNativeTarget "SwiftOptimiztionTests" */;
			buildPhases = (
				E46070D7690FF170EBEF7BCB /* [CP] Check Pods Manifest.lock */,
				FFC1CC7C20BBC684004E92AE /* Sources */,
				FFC1CC7D20BBC684004E92AE /* Frameworks */,
				FFC1CC7E20BBC684004E92AE /* Resources */,
				DEBA36AF1CBA618B7CBCE26E /* [CP] Embed Pods Frameworks */,
				0904DD75910653ADCEC4EC09 /* [CP] Copy Pods Resources */,
			);
			buildRules = (
			);
			dependencies = (
				FFC1CC8220BBC684004E92AE /* PBXTargetDependency */,
			);
			name = SwiftOptimiztionTests;
			productName = SwiftOptimiztionTests;
			productReference = FFC1CC8020BBC684004E92AE /* SwiftOptimiztionTests.xctest */;
			productType = "com.apple.product-type.bundle.unit-test";
		};
/* End PBXNativeTarget section */

/* Begin PBXProject section */
		FFC1CC6120BBC683004E92AE /* Project object */ = {
			isa = PBXProject;
			attributes = {
				LastSwiftUpdateCheck = 0930;
				LastUpgradeCheck = 0930;
				ORGANIZATIONNAME = rollmind;
				TargetAttributes = {
					FFC1CC6820BBC683004E92AE = {
						CreatedOnToolsVersion = 9.3.1;
					};
					FFC1CC7F20BBC684004E92AE = {
						CreatedOnToolsVersion = 9.3.1;
						TestTargetID = FFC1CC6820BBC683004E92AE;
					};
				};
			};
			buildConfigurationList = FFC1CC6420BBC683004E92AE /* Build configuration list for PBXProject "SwiftOptimiztion" */;
			compatibilityVersion = "Xcode 9.3";
			developmentRegion = en;
			hasScannedForEncodings = 0;
			knownRegions = (
				en,
				Base,
			);
			mainGroup = FFC1CC6020BBC683004E92AE;
			productRefGroup = FFC1CC6A20BBC683004E92AE /* Products */;
			projectDirPath = "";
			projectRoot = "";
			targets = (
				FFC1CC6820BBC683004E92AE /* SwiftOptimiztion */,
				FFC1CC7F20BBC684004E92AE /* SwiftOptimiztionTests */,
			);
		};
/* End PBXProject section */

/* Begin PBXResourcesBuildPhase section */
		FFC1CC6720BBC683004E92AE /* Resources */ = {
			isa = PBXResourcesBuildPhase;
			buildActionMask = 2147483647;
			files = (
				FFC1CC7A20BBC684004E92AE /* LaunchScreen.storyboard in Resources */,
				FFC1CC7720BBC684004E92AE /* Assets.xcassets in Resources */,
				FFC1CC7220BBC683004E92AE /* Main.storyboard in Resources */,
			);
			runOnlyForDeploymentPostprocessing = 0;
		};
		FFC1CC7E20BBC684004E92AE /* Resources */ = {
			isa = PBXResourcesBuildPhase;
			buildActionMask = 2147483647;
			files = (
			);
			runOnlyForDeploymentPostprocessing = 0;
		};
/* End PBXResourcesBuildPhase section */

/* Begin PBXShellScriptBuildPhase section */
		0904DD75910653ADCEC4EC09 /* [CP] Copy Pods Resources */ = {
			isa = PBXShellScriptBuildPhase;
			buildActionMask = 2147483647;
			files = (
			);
			inputPaths = (
			);
			name = "[CP] Copy Pods Resources";
			outputPaths = (
			);
			runOnlyForDeploymentPostprocessing = 0;
			shellPath = /bin/sh;
			shellScript = "\"${SRCROOT}/Pods/Target Support Files/Pods-SwiftOptimiztionTests/Pods-SwiftOptimiztionTests-resources.sh\"\n";
			showEnvVarsInLog = 0;
		};
		1C8A3DB79A0D055BF45940BB /* [CP] Embed Pods Frameworks */ = {
			isa = PBXShellScriptBuildPhase;
			buildActionMask = 2147483647;
			files = (
			);
			inputPaths = (
				"${SRCROOT}/Pods/Target Support Files/Pods-SwiftOptimiztion/Pods-SwiftOptimiztion-frameworks.sh",
				"${BUILT_PRODUCTS_DIR}/RxCocoa/RxCocoa.framework",
				"${BUILT_PRODUCTS_DIR}/RxSwift/RxSwift.framework",
			);
			name = "[CP] Embed Pods Frameworks";
			outputPaths = (
				"${TARGET_BUILD_DIR}/${FRAMEWORKS_FOLDER_PATH}/RxCocoa.framework",
				"${TARGET_BUILD_DIR}/${FRAMEWORKS_FOLDER_PATH}/RxSwift.framework",
			);
			runOnlyForDeploymentPostprocessing = 0;
			shellPath = /bin/sh;
			shellScript = "\"${SRCROOT}/Pods/Target Support Files/Pods-SwiftOptimiztion/Pods-SwiftOptimiztion-frameworks.sh\"\n";
			showEnvVarsInLog = 0;
		};
		2C9921CBE7DC6538C63F3F8E /* [CP] Check Pods Manifest.lock */ = {
			isa = PBXShellScriptBuildPhase;
			buildActionMask = 2147483647;
			files = (
			);
			inputPaths = (
				"${PODS_PODFILE_DIR_PATH}/Podfile.lock",
				"${PODS_ROOT}/Manifest.lock",
			);
			name = "[CP] Check Pods Manifest.lock";
			outputPaths = (
				"$(DERIVED_FILE_DIR)/Pods-SwiftOptimiztion-checkManifestLockResult.txt",
			);
			runOnlyForDeploymentPostprocessing = 0;
			shellPath = /bin/sh;
			shellScript = "diff \"${PODS_PODFILE_DIR_PATH}/Podfile.lock\" \"${PODS_ROOT}/Manifest.lock\" > /dev/null\nif [ $? != 0 ] ; then\n    # print error to STDERR\n    echo \"error: The sandbox is not in sync with the Podfile.lock. Run 'pod install' or update your CocoaPods installation.\" >&2\n    exit 1\nfi\n# This output is used by Xcode 'outputs' to avoid re-running this script phase.\necho \"SUCCESS\" > \"${SCRIPT_OUTPUT_FILE_0}\"\n";
			showEnvVarsInLog = 0;
		};
		9B56924260BAE29BC5AEF628 /* [CP] Copy Pods Resources */ = {
			isa = PBXShellScriptBuildPhase;
			buildActionMask = 2147483647;
			files = (
			);
			inputPaths = (
			);
			name = "[CP] Copy Pods Resources";
			outputPaths = (
			);
			runOnlyForDeploymentPostprocessing = 0;
			shellPath = /bin/sh;
			shellScript = "\"${SRCROOT}/Pods/Target Support Files/Pods-SwiftOptimiztion/Pods-SwiftOptimiztion-resources.sh\"\n";
			showEnvVarsInLog = 0;
		};
		DEBA36AF1CBA618B7CBCE26E /* [CP] Embed Pods Frameworks */ = {
			isa = PBXShellScriptBuildPhase;
			buildActionMask = 2147483647;
			files = (
			);
			inputPaths = (
			);
			name = "[CP] Embed Pods Frameworks";
			outputPaths = (
			);
			runOnlyForDeploymentPostprocessing = 0;
			shellPath = /bin/sh;
			shellScript = "\"${SRCROOT}/Pods/Target Support Files/Pods-SwiftOptimiztionTests/Pods-SwiftOptimiztionTests-frameworks.sh\"\n";
			showEnvVarsInLog = 0;
		};
		E46070D7690FF170EBEF7BCB /* [CP] Check Pods Manifest.lock */ = {
			isa = PBXShellScriptBuildPhase;
			buildActionMask = 2147483647;
			files = (
			);
			inputPaths = (
				"${PODS_PODFILE_DIR_PATH}/Podfile.lock",
				"${PODS_ROOT}/Manifest.lock",
			);
			name = "[CP] Check Pods Manifest.lock";
			outputPaths = (
				"$(DERIVED_FILE_DIR)/Pods-SwiftOptimiztionTests-checkManifestLockResult.txt",
			);
			runOnlyForDeploymentPostprocessing = 0;
			shellPath = /bin/sh;
			shellScript = "diff \"${PODS_PODFILE_DIR_PATH}/Podfile.lock\" \"${PODS_ROOT}/Manifest.lock\" > /dev/null\nif [ $? != 0 ] ; then\n    # print error to STDERR\n    echo \"error: The sandbox is not in sync with the Podfile.lock. Run 'pod install' or update your CocoaPods installation.\" >&2\n    exit 1\nfi\n# This output is used by Xcode 'outputs' to avoid re-running this script phase.\necho \"SUCCESS\" > \"${SCRIPT_OUTPUT_FILE_0}\"\n";
			showEnvVarsInLog = 0;
		};
/* End PBXShellScriptBuildPhase section */

/* Begin PBXSourcesBuildPhase section */
		FFC1CC6520BBC683004E92AE /* Sources */ = {
			isa = PBXSourcesBuildPhase;
			buildActionMask = 2147483647;
			files = (
				FF140BBD20BCD8CE00A99FC2 /* RxSwiftCrash.swift in Sources */,
				FFC1CC6F20BBC683004E92AE /* ViewController.swift in Sources */,
				FFC1CC6D20BBC683004E92AE /* AppDelegate.swift in Sources */,
			);
			runOnlyForDeploymentPostprocessing = 0;
		};
		FFC1CC7C20BBC684004E92AE /* Sources */ = {
			isa = PBXSourcesBuildPhase;
			buildActionMask = 2147483647;
			files = (
				FFC1CC8520BBC684004E92AE /* SwiftOptimiztionTests.swift in Sources */,
			);
			runOnlyForDeploymentPostprocessing = 0;
		};
/* End PBXSourcesBuildPhase section */

/* Begin PBXTargetDependency section */
		FFC1CC8220BBC684004E92AE /* PBXTargetDependency */ = {
			isa = PBXTargetDependency;
			target = FFC1CC6820BBC683004E92AE /* SwiftOptimiztion */;
			targetProxy = FFC1CC8120BBC684004E92AE /* PBXContainerItemProxy */;
		};
/* End PBXTargetDependency section */

/* Begin PBXVariantGroup section */
		FFC1CC7020BBC683004E92AE /* Main.storyboard */ = {
			isa = PBXVariantGroup;
			children = (
				FFC1CC7120BBC683004E92AE /* Base */,
			);
			name = Main.storyboard;
			sourceTree = "<group>";
		};
		FFC1CC7820BBC684004E92AE /* LaunchScreen.storyboard */ = {
			isa = PBXVariantGroup;
			children = (
				FFC1CC7920BBC684004E92AE /* Base */,
			);
			name = LaunchScreen.storyboard;
			sourceTree = "<group>";
		};
/* End PBXVariantGroup section */

/* Begin XCBuildConfiguration section */
		FFC1CC8720BBC684004E92AE /* Debug */ = {
			isa = XCBuildConfiguration;
			buildSettings = {
				ALWAYS_SEARCH_USER_PATHS = NO;
				CLANG_ANALYZER_NONNULL = YES;
				CLANG_ANALYZER_NUMBER_OBJECT_CONVERSION = YES_AGGRESSIVE;
				CLANG_CXX_LANGUAGE_STANDARD = "gnu++14";
				CLANG_CXX_LIBRARY = "libc++";
				CLANG_ENABLE_MODULES = YES;
				CLANG_ENABLE_OBJC_ARC = YES;
				CLANG_ENABLE_OBJC_WEAK = YES;
				CLANG_WARN_BLOCK_CAPTURE_AUTORELEASING = YES;
				CLANG_WARN_BOOL_CONVERSION = YES;
				CLANG_WARN_COMMA = YES;
				CLANG_WARN_CONSTANT_CONVERSION = YES;
				CLANG_WARN_DEPRECATED_OBJC_IMPLEMENTATIONS = YES;
				CLANG_WARN_DIRECT_OBJC_ISA_USAGE = YES_ERROR;
				CLANG_WARN_DOCUMENTATION_COMMENTS = YES;
				CLANG_WARN_EMPTY_BODY = YES;
				CLANG_WARN_ENUM_CONVERSION = YES;
				CLANG_WARN_INFINITE_RECURSION = YES;
				CLANG_WARN_INT_CONVERSION = YES;
				CLANG_WARN_NON_LITERAL_NULL_CONVERSION = YES;
				CLANG_WARN_OBJC_IMPLICIT_RETAIN_SELF = YES;
				CLANG_WARN_OBJC_LITERAL_CONVERSION = YES;
				CLANG_WARN_OBJC_ROOT_CLASS = YES_ERROR;
				CLANG_WARN_RANGE_LOOP_ANALYSIS = YES;
				CLANG_WARN_STRICT_PROTOTYPES = YES;
				CLANG_WARN_SUSPICIOUS_MOVE = YES;
				CLANG_WARN_UNGUARDED_AVAILABILITY = YES_AGGRESSIVE;
				CLANG_WARN_UNREACHABLE_CODE = YES;
				CLANG_WARN__DUPLICATE_METHOD_MATCH = YES;
				CODE_SIGN_IDENTITY = "iPhone Developer";
				COPY_PHASE_STRIP = NO;
				DEBUG_INFORMATION_FORMAT = dwarf;
				ENABLE_STRICT_OBJC_MSGSEND = YES;
				ENABLE_TESTABILITY = YES;
				GCC_C_LANGUAGE_STANDARD = gnu11;
				GCC_DYNAMIC_NO_PIC = NO;
				GCC_NO_COMMON_BLOCKS = YES;
				GCC_OPTIMIZATION_LEVEL = 0;
				GCC_PREPROCESSOR_DEFINITIONS = (
					"DEBUG=1",
					"$(inherited)",
				);
				GCC_WARN_64_TO_32_BIT_CONVERSION = YES;
				GCC_WARN_ABOUT_RETURN_TYPE = YES_ERROR;
				GCC_WARN_UNDECLARED_SELECTOR = YES;
				GCC_WARN_UNINITIALIZED_AUTOS = YES_AGGRESSIVE;
				GCC_WARN_UNUSED_FUNCTION = YES;
				GCC_WARN_UNUSED_VARIABLE = YES;
				IPHONEOS_DEPLOYMENT_TARGET = 11.3;
				MTL_ENABLE_DEBUG_INFO = YES;
				ONLY_ACTIVE_ARCH = YES;
				SDKROOT = iphoneos;
				SWIFT_ACTIVE_COMPILATION_CONDITIONS = DEBUG;
				SWIFT_OPTIMIZATION_LEVEL = "-Onone";
			};
			name = Debug;
		};
		FFC1CC8820BBC684004E92AE /* Release */ = {
			isa = XCBuildConfiguration;
			buildSettings = {
				ALWAYS_SEARCH_USER_PATHS = NO;
				CLANG_ANALYZER_NONNULL = YES;
				CLANG_ANALYZER_NUMBER_OBJECT_CONVERSION = YES_AGGRESSIVE;
				CLANG_CXX_LANGUAGE_STANDARD = "gnu++14";
				CLANG_CXX_LIBRARY = "libc++";
				CLANG_ENABLE_MODULES = YES;
				CLANG_ENABLE_OBJC_ARC = YES;
				CLANG_ENABLE_OBJC_WEAK = YES;
				CLANG_WARN_BLOCK_CAPTURE_AUTORELEASING = YES;
				CLANG_WARN_BOOL_CONVERSION = YES;
				CLANG_WARN_COMMA = YES;
				CLANG_WARN_CONSTANT_CONVERSION = YES;
				CLANG_WARN_DEPRECATED_OBJC_IMPLEMENTATIONS = YES;
				CLANG_WARN_DIRECT_OBJC_ISA_USAGE = YES_ERROR;
				CLANG_WARN_DOCUMENTATION_COMMENTS = YES;
				CLANG_WARN_EMPTY_BODY = YES;
				CLANG_WARN_ENUM_CONVERSION = YES;
				CLANG_WARN_INFINITE_RECURSION = YES;
				CLANG_WARN_INT_CONVERSION = YES;
				CLANG_WARN_NON_LITERAL_NULL_CONVERSION = YES;
				CLANG_WARN_OBJC_IMPLICIT_RETAIN_SELF = YES;
				CLANG_WARN_OBJC_LITERAL_CONVERSION = YES;
				CLANG_WARN_OBJC_ROOT_CLASS = YES_ERROR;
				CLANG_WARN_RANGE_LOOP_ANALYSIS = YES;
				CLANG_WARN_STRICT_PROTOTYPES = YES;
				CLANG_WARN_SUSPICIOUS_MOVE = YES;
				CLANG_WARN_UNGUARDED_AVAILABILITY = YES_AGGRESSIVE;
				CLANG_WARN_UNREACHABLE_CODE = YES;
				CLANG_WARN__DUPLICATE_METHOD_MATCH = YES;
				CODE_SIGN_IDENTITY = "iPhone Developer";
				COPY_PHASE_STRIP = NO;
				DEBUG_INFORMATION_FORMAT = "dwarf-with-dsym";
				ENABLE_NS_ASSERTIONS = NO;
				ENABLE_STRICT_OBJC_MSGSEND = YES;
				GCC_C_LANGUAGE_STANDARD = gnu11;
				GCC_NO_COMMON_BLOCKS = YES;
				GCC_WARN_64_TO_32_BIT_CONVERSION = YES;
				GCC_WARN_ABOUT_RETURN_TYPE = YES_ERROR;
				GCC_WARN_UNDECLARED_SELECTOR = YES;
				GCC_WARN_UNINITIALIZED_AUTOS = YES_AGGRESSIVE;
				GCC_WARN_UNUSED_FUNCTION = YES;
				GCC_WARN_UNUSED_VARIABLE = YES;
				IPHONEOS_DEPLOYMENT_TARGET = 11.3;
				MTL_ENABLE_DEBUG_INFO = NO;
				SDKROOT = iphoneos;
				SWIFT_COMPILATION_MODE = wholemodule;
				SWIFT_OPTIMIZATION_LEVEL = "-O";
				VALIDATE_PRODUCT = YES;
			};
			name = Release;
		};
		FFC1CC8A20BBC684004E92AE /* Debug */ = {
			isa = XCBuildConfiguration;
			baseConfigurationReference = F93185C9E7921E75795ABEEA /* Pods-SwiftOptimiztion.debug.xcconfig */;
			buildSettings = {
				ASSETCATALOG_COMPILER_APPICON_NAME = AppIcon;
				CODE_SIGN_STYLE = Automatic;
				DEVELOPMENT_TEAM = HY47J4787Q;
				INFOPLIST_FILE = SwiftOptimiztion/Info.plist;
				IPHONEOS_DEPLOYMENT_TARGET = 11.3;
				LD_RUNPATH_SEARCH_PATHS = (
					"$(inherited)",
					"@executable_path/Frameworks",
				);
				PRODUCT_BUNDLE_IDENTIFIER = com.rollmind.SwiftOptimiztion;
				PRODUCT_NAME = "$(TARGET_NAME)";
				SWIFT_OPTIMIZATION_LEVEL = "-Osize";
				SWIFT_VERSION = 4.0;
				TARGETED_DEVICE_FAMILY = "1,2";
			};
			name = Debug;
		};
		FFC1CC8B20BBC684004E92AE /* Release */ = {
			isa = XCBuildConfiguration;
			baseConfigurationReference = 69BAF9A8F0D10FB92A0E21BB /* Pods-SwiftOptimiztion.release.xcconfig */;
			buildSettings = {
				ASSETCATALOG_COMPILER_APPICON_NAME = AppIcon;
				CODE_SIGN_STYLE = Automatic;
				DEVELOPMENT_TEAM = HY47J4787Q;
				INFOPLIST_FILE = SwiftOptimiztion/Info.plist;
				IPHONEOS_DEPLOYMENT_TARGET = 11.3;
				LD_RUNPATH_SEARCH_PATHS = (
					"$(inherited)",
					"@executable_path/Frameworks",
				);
				PRODUCT_BUNDLE_IDENTIFIER = com.rollmind.SwiftOptimiztion;
				PRODUCT_NAME = "$(TARGET_NAME)";
				SWIFT_OPTIMIZATION_LEVEL = "-Osize";
				SWIFT_VERSION = 4.0;
				TARGETED_DEVICE_FAMILY = "1,2";
			};
			name = Release;
		};
		FFC1CC8D20BBC684004E92AE /* Debug */ = {
			isa = XCBuildConfiguration;
			baseConfigurationReference = E9C8C4F399F8AA34DF4419AF /* Pods-SwiftOptimiztionTests.debug.xcconfig */;
			buildSettings = {
				ALWAYS_EMBED_SWIFT_STANDARD_LIBRARIES = YES;
				BUNDLE_LOADER = "$(TEST_HOST)";
				CODE_SIGN_STYLE = Automatic;
				DEVELOPMENT_TEAM = HY47J4787Q;
				INFOPLIST_FILE = SwiftOptimiztionTests/Info.plist;
				LD_RUNPATH_SEARCH_PATHS = (
					"$(inherited)",
					"@executable_path/Frameworks",
					"@loader_path/Frameworks",
				);
				PRODUCT_BUNDLE_IDENTIFIER = com.rollmind.SwiftOptimiztionTests;
				PRODUCT_NAME = "$(TARGET_NAME)";
				SWIFT_VERSION = 4.0;
				TARGETED_DEVICE_FAMILY = "1,2";
				TEST_HOST = "$(BUILT_PRODUCTS_DIR)/SwiftOptimiztion.app/SwiftOptimiztion";
			};
			name = Debug;
		};
		FFC1CC8E20BBC684004E92AE /* Release */ = {
			isa = XCBuildConfiguration;
			baseConfigurationReference = 9721D4DA5720AF386A3C30DF /* Pods-SwiftOptimiztionTests.release.xcconfig */;
			buildSettings = {
				ALWAYS_EMBED_SWIFT_STANDARD_LIBRARIES = YES;
				BUNDLE_LOADER = "$(TEST_HOST)";
				CODE_SIGN_STYLE = Automatic;
				DEVELOPMENT_TEAM = HY47J4787Q;
				INFOPLIST_FILE = SwiftOptimiztionTests/Info.plist;
				LD_RUNPATH_SEARCH_PATHS = (
					"$(inherited)",
					"@executable_path/Frameworks",
					"@loader_path/Frameworks",
				);
				PRODUCT_BUNDLE_IDENTIFIER = com.rollmind.SwiftOptimiztionTests;
				PRODUCT_NAME = "$(TARGET_NAME)";
				SWIFT_VERSION = 4.0;
				TARGETED_DEVICE_FAMILY = "1,2";
				TEST_HOST = "$(BUILT_PRODUCTS_DIR)/SwiftOptimiztion.app/SwiftOptimiztion";
			};
			name = Release;
		};
/* End XCBuildConfiguration section */

/* Begin XCConfigurationList section */
		FFC1CC6420BBC683004E92AE /* Build configuration list for PBXProject "SwiftOptimiztion" */ = {
			isa = XCConfigurationList;
			buildConfigurations = (
				FFC1CC8720BBC684004E92AE /* Debug */,
				FFC1CC8820BBC684004E92AE /* Release */,
			);
			defaultConfigurationIsVisible = 0;
			defaultConfigurationName = Release;
		};
		FFC1CC8920BBC684004E92AE /* Build configuration list for PBXNativeTarget "SwiftOptimiztion" */ = {
			isa = XCConfigurationList;
			buildConfigurations = (
				FFC1CC8A20BBC684004E92AE /* Debug */,
				FFC1CC8B20BBC684004E92AE /* Release */,
			);
			defaultConfigurationIsVisible = 0;
			defaultConfigurationName = Release;
		};
		FFC1CC8C20BBC684004E92AE /* Build configuration list for PBXNativeTarget "SwiftOptimiztionTests" */ = {
			isa = XCConfigurationList;
			buildConfigurations = (
				FFC1CC8D20BBC684004E92AE /* Debug */,
				FFC1CC8E20BBC684004E92AE /* Release */,
			);
			defaultConfigurationIsVisible = 0;
			defaultConfigurationName = Release;
		};
/* End XCConfigurationList section */
	};
	rootObject = FFC1CC6120BBC683004E92AE /* Project object */;
}
